// !$*UTF8*$!
{
	archiveVersion = 1;
	classes = {
	};
	objectVersion = 46;
	objects = {

/* Begin PBXBuildFile section */
		EA857D1A1F55299600E05C28 /* AppDelegate.swift in Sources */ = {isa = PBXBuildFile; fileRef = EA857D191F55299600E05C28 /* AppDelegate.swift */; };
		EA857D1C1F55299600E05C28 /* ViewController.swift in Sources */ = {isa = PBXBuildFile; fileRef = EA857D1B1F55299600E05C28 /* ViewController.swift */; };
		EA857D1F1F55299600E05C28 /* Main.storyboard in Resources */ = {isa = PBXBuildFile; fileRef = EA857D1D1F55299600E05C28 /* Main.storyboard */; };
		EA857D211F55299600E05C28 /* Assets.xcassets in Resources */ = {isa = PBXBuildFile; fileRef = EA857D201F55299600E05C28 /* Assets.xcassets */; };
		EA857D241F55299600E05C28 /* LaunchScreen.storyboard in Resources */ = {isa = PBXBuildFile; fileRef = EA857D221F55299600E05C28 /* LaunchScreen.storyboard */; };
/* End PBXBuildFile section */

/* Begin PBXFileReference section */
		EA857D161F55299600E05C28 /* SaveTheDog.app */ = {isa = PBXFileReference; explicitFileType = wrapper.application; includeInIndex = 0; path = SaveTheDog.app; sourceTree = BUILT_PRODUCTS_DIR; };
		EA857D191F55299600E05C28 /* AppDelegate.swift */ = {isa = PBXFileReference; lastKnownFileType = sourcecode.swift; path = AppDelegate.swift; sourceTree = "<group>"; };
		EA857D1B1F55299600E05C28 /* ViewController.swift */ = {isa = PBXFileReference; lastKnownFileType = sourcecode.swift; path = ViewController.swift; sourceTree = "<group>"; };
		EA857D1E1F55299600E05C28 /* Base */ = {isa = PBXFileReference; lastKnownFileType = file.storyboard; name = Base; path = Base.lproj/Main.storyboard; sourceTree = "<group>"; };
		EA857D201F55299600E05C28 /* Assets.xcassets */ = {isa = PBXFileReference; lastKnownFileType = folder.assetcatalog; path = Assets.xcassets; sourceTree = "<group>"; };
		EA857D231F55299600E05C28 /* Base */ = {isa = PBXFileReference; lastKnownFileType = file.storyboard; name = Base; path = Base.lproj/LaunchScreen.storyboard; sourceTree = "<group>"; };
		EA857D251F55299600E05C28 /* Info.plist */ = {isa = PBXFileReference; lastKnownFileType = text.plist.xml; path = Info.plist; sourceTree = "<group>"; };
/* End PBXFileReference section */

/* Begin PBXFrameworksBuildPhase section */
		EA857D131F55299600E05C28 /* Frameworks */ = {
			isa = PBXFrameworksBuildPhase;
			buildActionMask = 2147483647;
			files = (
			);
			runOnlyForDeploymentPostprocessing = 0;
		};
/* End PBXFrameworksBuildPhase section */

/* Begin PBXGroup section */
		EA857D0D1F55299600E05C28 = {
			isa = PBXGroup;
			children = (
				EA857D181F55299600E05C28 /* SaveTheDog */,
				EA857D171F55299600E05C28 /* Products */,
			);
			sourceTree = "<group>";
		};
		EA857D171F55299600E05C28 /* Products */ = {
			isa = PBXGroup;
			children = (
				EA857D161F55299600E05C28 /* SaveTheDog.app */,
			);
			name = Products;
			sourceTree = "<group>";
		};
		EA857D181F55299600E05C28 /* SaveTheDog */ = {
			isa = PBXGroup;
			children = (
				EA857D191F55299600E05C28 /* AppDelegate.swift */,
				EA857D1B1F55299600E05C28 /* ViewController.swift */,
				EA857D1D1F55299600E05C28 /* Main.storyboard */,
				EA857D201F55299600E05C28 /* Assets.xcassets */,
				EA857D221F55299600E05C28 /* LaunchScreen.storyboard */,
				EA857D251F55299600E05C28 /* Info.plist */,
			);
			path = SaveTheDog;
			sourceTree = "<group>";
		};
/* End PBXGroup section */

/* Begin PBXNativeTarget section */
		EA857D151F55299600E05C28 /* SaveTheDog */ = {
			isa = PBXNativeTarget;
			buildConfigurationList = EA857D281F55299600E05C28 /* Build configuration list for PBXNativeTarget "SaveTheDog" */;
			buildPhases = (
				EA857D121F55299600E05C28 /* Sources */,
				EA857D131F55299600E05C28 /* Frameworks */,
				EA857D141F55299600E05C28 /* Resources */,
			);
			buildRules = (
			);
			dependencies = (
			);
			name = SaveTheDog;
			productName = SaveTheDog;
			productReference = EA857D161F55299600E05C28 /* SaveTheDog.app */;
			productType = "com.apple.product-type.application";
		};
/* End PBXNativeTarget section */

/* Begin PBXProject section */
		EA857D0E1F55299600E05C28 /* Project object */ = {
			isa = PBXProject;
			attributes = {
				LastSwiftUpdateCheck = 0830;
				LastUpgradeCheck = 0830;
				ORGANIZATIONNAME = "Tony  Hsieh";
				TargetAttributes = {
					EA857D151F55299600E05C28 = {
						CreatedOnToolsVersion = 8.3.3;
						DevelopmentTeam = 3NM5Q44PT3;
						ProvisioningStyle = Automatic;
					};
				};
			};
			buildConfigurationList = EA857D111F55299600E05C28 /* Build configuration list for PBXProject "SaveTheDog" */;
			compatibilityVersion = "Xcode 3.2";
			developmentRegion = English;
			hasScannedForEncodings = 0;
			knownRegions = (
				en,
				Base,
			);
			mainGroup = EA857D0D1F55299600E05C28;
			productRefGroup = EA857D171F55299600E05C28 /* Products */;
			projectDirPath = "";
			projectRoot = "";
			targets = (
				EA857D151F55299600E05C28 /* SaveTheDog */,
			);
		};
/* End PBXProject section */

/* Begin PBXResourcesBuildPhase section */
		EA857D141F55299600E05C28 /* Resources */ = {
			isa = PBXResourcesBuildPhase;
			buildActionMask = 2147483647;
			files = (
				EA857D241F55299600E05C28 /* LaunchScreen.storyboard in Resources */,
				EA857D211F55299600E05C28 /* Assets.xcassets in Resources */,
				EA857D1F1F55299600E05C28 /* Main.storyboard in Resources */,
			);
			runOnlyForDeploymentPostprocessing = 0;
		};
/* End PBXResourcesBuildPhase section */

/* Begin PBXSourcesBuildPhase section */
		EA857D121F55299600E05C28 /* Sources */ = {
			isa = PBXSourcesBuildPhase;
			buildActionMask = 2147483647;
			files = (
				EA857D1C1F55299600E05C28 /* ViewController.swift in Sources */,
				EA857D1A1F55299600E05C28 /* AppDelegate.swift in Sources */,
			);
			runOnlyForDeploymentPostprocessing = 0;
		};
/* End PBXSourcesBuildPhase section */

/* Begin PBXVariantGroup section */
		EA857D1D1F55299600E05C28 /* Main.storyboard */ = {
			isa = PBXVariantGroup;
			children = (
				EA857D1E1F55299600E05C28 /* Base */,
			);
			name = Main.storyboard;
			sourceTree = "<group>";
		};
		EA857D221F55299600E05C28 /* LaunchScreen.storyboard */ = {
			isa = PBXVariantGroup;
			children = (
				EA857D231F55299600E05C28 /* Base */,
			);
			name = LaunchScreen.storyboard;
			sourceTree = "<group>";
		};
/* End PBXVariantGroup section */

/* Begin XCBuildConfiguration section */
		EA857D261F55299600E05C28 /* Debug */ = {
			isa = XCBuildConfiguration;
			buildSettings = {
				ALWAYS_SEARCH_USER_PATHS = NO;
				CLANG_ANALYZER_NONNULL = YES;
				CLANG_ANALYZER_NUMBER_OBJECT_CONVERSION = YES_AGGRESSIVE;
				CLANG_CXX_LANGUAGE_STANDARD = "gnu++0x";
				CLANG_CXX_LIBRARY = "libc++";
				CLANG_ENABLE_MODULES = YES;
				CLANG_ENABLE_OBJC_ARC = YES;
				CLANG_WARN_BOOL_CONVERSION = YES;
				CLANG_WARN_CONSTANT_CONVERSION = YES;
				CLANG_WARN_DIRECT_OBJC_ISA_USAGE = YES_ERROR;
				CLANG_WARN_DOCUMENTATION_COMMENTS = YES;
				CLANG_WARN_EMPTY_BODY = YES;
				CLANG_WARN_ENUM_CONVERSION = YES;
				CLANG_WARN_INFINITE_RECURSION = YES;
				CLANG_WARN_INT_CONVERSION = YES;
				CLANG_WARN_OBJC_ROOT_CLASS = YES_ERROR;
				CLANG_WARN_SUSPICIOUS_MOVE = YES;
				CLANG_WARN_UNREACHABLE_CODE = YES;
				CLANG_WARN__DUPLICATE_METHOD_MATCH = YES;
				"CODE_SIGN_IDENTITY[sdk=iphoneos*]" = "iPhone Developer";
				COPY_PHASE_STRIP = NO;
				DEBUG_INFORMATION_FORMAT = dwarf;
				ENABLE_STRICT_OBJC_MSGSEND = YES;
				ENABLE_TESTABILITY = YES;
				GCC_C_LANGUAGE_STANDARD = gnu99;
				GCC_DYNAMIC_NO_PIC = NO;
				GCC_NO_COMMON_BLOCKS = YES;
				GCC_OPTIMIZATION_LEVEL = 0;
				GCC_PREPROCESSOR_DEFINITIONS = (
					"DEBUG=1",
					"$(inherited)",
				);
				GCC_WARN_64_TO_32_BIT_CONVERSION = YES;
				GCC_WARN_ABOUT_RETURN_TYPE = YES_ERROR;
				GCC_WARN_UNDECLARED_SELECTOR = YES;
				GCC_WARN_UNINITIALIZED_AUTOS = YES_AGGRESSIVE;
				GCC_WARN_UNUSED_FUNCTION = YES;
				GCC_WARN_UNUSED_VARIABLE = YES;
				IPHONEOS_DEPLOYMENT_TARGET = 10.3;
				MTL_ENABLE_DEBUG_INFO = YES;
				ONLY_ACTIVE_ARCH = YES;
				SDKROOT = iphoneos;
				SWIFT_ACTIVE_COMPILATION_CONDITIONS = DEBUG;
				SWIFT_OPTIMIZATION_LEVEL = "-Onone";
				TARGETED_DEVICE_FAMILY = "1,2";
			};
			name = Debug;
		};
		EA857D271F55299600E05C28 /* Release */ = {
			isa = XCBuildConfiguration;
			buildSettings = {
				ALWAYS_SEARCH_USER_PATHS = NO;
				CLANG_ANALYZER_NONNULL = YES;
				CLANG_ANALYZER_NUMBER_OBJECT_CONVERSION = YES_AGGRESSIVE;
				CLANG_CXX_LANGUAGE_STANDARD = "gnu++0x";
				CLANG_CXX_LIBRARY = "libc++";
				CLANG_ENABLE_MODULES = YES;
				CLANG_ENABLE_OBJC_ARC = YES;
				CLANG_WARN_BOOL_CONVERSION = YES;
				CLANG_WARN_CONSTANT_CONVERSION = YES;
				CLANG_WARN_DIRECT_OBJC_ISA_USAGE = YES_ERROR;
				CLANG_WARN_DOCUMENTATION_COMMENTS = YES;
				CLANG_WARN_EMPTY_BODY = YES;
				CLANG_WARN_ENUM_CONVERSION = YES;
				CLANG_WARN_INFINITE_RECURSION = YES;
				CLANG_WARN_INT_CONVERSION = YES;
				CLANG_WARN_OBJC_ROOT_CLASS = YES_ERROR;
				CLANG_WARN_SUSPICIOUS_MOVE = YES;
				CLANG_WARN_UNREACHABLE_CODE = YES;
				CLANG_WARN__DUPLICATE_METHOD_MATCH = YES;
				"CODE_SIGN_IDENTITY[sdk=iphoneos*]" = "iPhone Developer";
				COPY_PHASE_STRIP = NO;
				DEBUG_INFORMATION_FORMAT = "dwarf-with-dsym";
				ENABLE_NS_ASSERTIONS = NO;
				ENABLE_STRICT_OBJC_MSGSEND = YES;
				GCC_C_LANGUAGE_STANDARD = gnu99;
				GCC_NO_COMMON_BLOCKS = YES;
				GCC_WARN_64_TO_32_BIT_CONVERSION = YES;
				GCC_WARN_ABOUT_RETURN_TYPE = YES_ERROR;
				GCC_WARN_UNDECLARED_SELECTOR = YES;
				GCC_WARN_UNINITIALIZED_AUTOS = YES_AGGRESSIVE;
				GCC_WARN_UNUSED_FUNCTION = YES;
				GCC_WARN_UNUSED_VARIABLE = YES;
				IPHONEOS_DEPLOYMENT_TARGET = 10.3;
				MTL_ENABLE_DEBUG_INFO = NO;
				SDKROOT = iphoneos;
				SWIFT_OPTIMIZATION_LEVEL = "-Owholemodule";
				TARGETED_DEVICE_FAMILY = "1,2";
				VALIDATE_PRODUCT = YES;
			};
			name = Release;
		};
		EA857D291F55299600E05C28 /* Debug */ = {
			isa = XCBuildConfiguration;
			buildSettings = {
				ASSETCATALOG_COMPILER_APPICON_NAME = AppIcon;
				DEVELOPMENT_TEAM = 3NM5Q44PT3;
				INFOPLIST_FILE = SaveTheDog/Info.plist;
				LD_RUNPATH_SEARCH_PATHS = "$(inherited) @executable_path/Frameworks";
				PRODUCT_BUNDLE_IDENTIFIER = com.developes.SaveTheDog;
				PRODUCT_NAME = "$(TARGET_NAME)";
				SWIFT_VERSION = 3.0;
			};
			name = Debug;
		};
		EA857D2A1F55299600E05C28 /* Release */ = {
			isa = XCBuildConfiguration;
			buildSettings = {
				ASSETCATALOG_COMPILER_APPICON_NAME = AppIcon;
				DEVELOPMENT_TEAM = 3NM5Q44PT3;
				INFOPLIST_FILE = SaveTheDog/Info.plist;
				LD_RUNPATH_SEARCH_PATHS = "$(inherited) @executable_path/Frameworks";
				PRODUCT_BUNDLE_IDENTIFIER = com.developes.SaveTheDog;
				PRODUCT_NAME = "$(TARGET_NAME)";
				SWIFT_VERSION = 3.0;
			};
			name = Release;
		};
/* End XCBuildConfiguration section */

/* Begin XCConfigurationList section */
		EA857D111F55299600E05C28 /* Build configuration list for PBXProject "SaveTheDog" */ = {
			isa = XCConfigurationList;
			buildConfigurations = (
				EA857D261F55299600E05C28 /* Debug */,
				EA857D271F55299600E05C28 /* Release */,
			);
			defaultConfigurationIsVisible = 0;
			defaultConfigurationName = Release;
		};
		EA857D281F55299600E05C28 /* Build configuration list for PBXNativeTarget "SaveTheDog" */ = {
			isa = XCConfigurationList;
			buildConfigurations = (
				EA857D291F55299600E05C28 /* Debug */,
				EA857D2A1F55299600E05C28 /* Release */,
			);
			defaultConfigurationIsVisible = 0;
		};
/* End XCConfigurationList section */
	};
	rootObject = EA857D0E1F55299600E05C28 /* Project object */;
}
